// !$*UTF8*$!
{
	archiveVersion = 1;
	classes = {
	};
	objectVersion = 50;
	objects = {

/* Begin PBXBuildFile section */
		EF44B14325F2A2A400F13FBC /* ArticleWithDetails.swift in Sources */ = {isa = PBXBuildFile; fileRef = EF44B14225F2A2A400F13FBC /* ArticleWithDetails.swift */; };
		EF44B14725F2A78300F13FBC /* NewsFeed.swift in Sources */ = {isa = PBXBuildFile; fileRef = EF44B14625F2A78300F13FBC /* NewsFeed.swift */; };
		EF44B14C25F3F10F00F13FBC /* APIResource.swift in Sources */ = {isa = PBXBuildFile; fileRef = EF44B14B25F3F10F00F13FBC /* APIResource.swift */; };
		EF44B15025F3F56C00F13FBC /* NewsFeedAPIResource.swift in Sources */ = {isa = PBXBuildFile; fileRef = EF44B14F25F3F56C00F13FBC /* NewsFeedAPIResource.swift */; };
		EF44B15425F3F6AB00F13FBC /* APIRequest.swift in Sources */ = {isa = PBXBuildFile; fileRef = EF44B15325F3F6AB00F13FBC /* APIRequest.swift */; };
		EF44B15925F3FAB800F13FBC /* MeduzaAPIRequest.swift in Sources */ = {isa = PBXBuildFile; fileRef = EF44B15825F3FAB800F13FBC /* MeduzaAPIRequest.swift */; };
		EF650CF626026925008AC0EF /* FullScreenSpinnerView.swift in Sources */ = {isa = PBXBuildFile; fileRef = EF650CF526026925008AC0EF /* FullScreenSpinnerView.swift */; };
		EF650CFC2602F656008AC0EF /* NewsFeedTableViewController+UIActivityIndicatorView.swift in Sources */ = {isa = PBXBuildFile; fileRef = EF650CFB2602F656008AC0EF /* NewsFeedTableViewController+UIActivityIndicatorView.swift */; };
		EFB88D3A25E3777D0017774E /* AppDelegate.swift in Sources */ = {isa = PBXBuildFile; fileRef = EFB88D3925E3777D0017774E /* AppDelegate.swift */; };
		EFB88D3C25E3777D0017774E /* SceneDelegate.swift in Sources */ = {isa = PBXBuildFile; fileRef = EFB88D3B25E3777D0017774E /* SceneDelegate.swift */; };
		EFB88D3E25E3777D0017774E /* NewsFeedTableViewController.swift in Sources */ = {isa = PBXBuildFile; fileRef = EFB88D3D25E3777D0017774E /* NewsFeedTableViewController.swift */; };
		EFB88D4125E3777D0017774E /* NewsFeed.storyboard in Resources */ = {isa = PBXBuildFile; fileRef = EFB88D3F25E3777D0017774E /* NewsFeed.storyboard */; };
		EFB88D4325E3777F0017774E /* Assets.xcassets in Resources */ = {isa = PBXBuildFile; fileRef = EFB88D4225E3777F0017774E /* Assets.xcassets */; };
		EFB88D4625E3777F0017774E /* LaunchScreen.storyboard in Resources */ = {isa = PBXBuildFile; fileRef = EFB88D4425E3777F0017774E /* LaunchScreen.storyboard */; };
		EFC4FB7725EBD9B500509E62 /* Coordinator.swift in Sources */ = {isa = PBXBuildFile; fileRef = EFC4FB7625EBD9B500509E62 /* Coordinator.swift */; };
		EFC4FB7B25EBDADB00509E62 /* BaseCoordinator.swift in Sources */ = {isa = PBXBuildFile; fileRef = EFC4FB7A25EBDADB00509E62 /* BaseCoordinator.swift */; };
		EFC4FB7E25EBDE2400509E62 /* ApplicationCoordinator.swift in Sources */ = {isa = PBXBuildFile; fileRef = EFC4FB7D25EBDE2400509E62 /* ApplicationCoordinator.swift */; };
		EFC4FB8225EBEF8900509E62 /* CoordinatorFactory.swift in Sources */ = {isa = PBXBuildFile; fileRef = EFC4FB8125EBEF8900509E62 /* CoordinatorFactory.swift */; };
		EFC4FB8725EC042E00509E62 /* CoordinatorFactoryImpl.swift in Sources */ = {isa = PBXBuildFile; fileRef = EFC4FB8625EC042E00509E62 /* CoordinatorFactoryImpl.swift */; };
		EFC4FB8B25EC04A000509E62 /* NewsFeedFlowCoordinator.swift in Sources */ = {isa = PBXBuildFile; fileRef = EFC4FB8A25EC04A000509E62 /* NewsFeedFlowCoordinator.swift */; };
		EFC4FB9425EC0B9000509E62 /* Presentable.swift in Sources */ = {isa = PBXBuildFile; fileRef = EFC4FB9325EC0B9000509E62 /* Presentable.swift */; };
		EFC4FB9725EC0C1E00509E62 /* Router.swift in Sources */ = {isa = PBXBuildFile; fileRef = EFC4FB9625EC0C1E00509E62 /* Router.swift */; };
		EFC4FB9A25EC0C7800509E62 /* RouterImpl.swift in Sources */ = {isa = PBXBuildFile; fileRef = EFC4FB9925EC0C7800509E62 /* RouterImpl.swift */; };
		EFC4FB9E25EC934700509E62 /* BaseView.swift in Sources */ = {isa = PBXBuildFile; fileRef = EFC4FB9D25EC934700509E62 /* BaseView.swift */; };
		EFC4FBA525EC943700509E62 /* NewsFeedTableView.swift in Sources */ = {isa = PBXBuildFile; fileRef = EFC4FBA425EC943700509E62 /* NewsFeedTableView.swift */; };
		EFC4FBB125ECA18000509E62 /* NewsFeedModuleFactory.swift in Sources */ = {isa = PBXBuildFile; fileRef = EFC4FBB025ECA18000509E62 /* NewsFeedModuleFactory.swift */; };
		EFC4FBB425ECA28B00509E62 /* ModulesFactory.swift in Sources */ = {isa = PBXBuildFile; fileRef = EFC4FBB325ECA28B00509E62 /* ModulesFactory.swift */; };
		EFC4FBB825ECA30A00509E62 /* UIViewControllerExtension.swift in Sources */ = {isa = PBXBuildFile; fileRef = EFC4FBB725ECA30A00509E62 /* UIViewControllerExtension.swift */; };
		EFC4FBBB25ECA34600509E62 /* NSObjectExtension.swift in Sources */ = {isa = PBXBuildFile; fileRef = EFC4FBBA25ECA34600509E62 /* NSObjectExtension.swift */; };
		EFC4FBBF25ECA36900509E62 /* Storyboards.swift in Sources */ = {isa = PBXBuildFile; fileRef = EFC4FBBE25ECA36900509E62 /* Storyboards.swift */; };
		EFC4FBCA25ED3E7100509E62 /* ArticleDetailsView.swift in Sources */ = {isa = PBXBuildFile; fileRef = EFC4FBC925ED3E7100509E62 /* ArticleDetailsView.swift */; };
		EFD5273725E50CFF0060A518 /* ArticleDetailsViewController.swift in Sources */ = {isa = PBXBuildFile; fileRef = EFD5273625E50CFF0060A518 /* ArticleDetailsViewController.swift */; };
		EFE61FC525E3F2720081FA4B /* Article.swift in Sources */ = {isa = PBXBuildFile; fileRef = EFE61FC425E3F2720081FA4B /* Article.swift */; };
		EFE61FCE25E41C200081FA4B /* NewsFeedArticleParser.swift in Sources */ = {isa = PBXBuildFile; fileRef = EFE61FCD25E41C200081FA4B /* NewsFeedArticleParser.swift */; };
		EFE61FD325E41DB10081FA4B /* NewsFeedTableViewCell.swift in Sources */ = {isa = PBXBuildFile; fileRef = EFE61FD125E41DB10081FA4B /* NewsFeedTableViewCell.swift */; };
		EFE61FD425E41DB10081FA4B /* NewsFeedTableViewCell.xib in Resources */ = {isa = PBXBuildFile; fileRef = EFE61FD225E41DB10081FA4B /* NewsFeedTableViewCell.xib */; };
		EFFFADEB25FBC4860064DEA6 /* NewsFeedTableViewModel.swift in Sources */ = {isa = PBXBuildFile; fileRef = EFFFADEA25FBC4860064DEA6 /* NewsFeedTableViewModel.swift */; };
		EFFFADEF25FBC5530064DEA6 /* Observable.swift in Sources */ = {isa = PBXBuildFile; fileRef = EFFFADEE25FBC5530064DEA6 /* Observable.swift */; };
/* End PBXBuildFile section */

/* Begin PBXFileReference section */
		EF44B14225F2A2A400F13FBC /* ArticleWithDetails.swift */ = {isa = PBXFileReference; lastKnownFileType = sourcecode.swift; path = ArticleWithDetails.swift; sourceTree = "<group>"; };
		EF44B14625F2A78300F13FBC /* NewsFeed.swift */ = {isa = PBXFileReference; lastKnownFileType = sourcecode.swift; path = NewsFeed.swift; sourceTree = "<group>"; };
		EF44B14B25F3F10F00F13FBC /* APIResource.swift */ = {isa = PBXFileReference; lastKnownFileType = sourcecode.swift; path = APIResource.swift; sourceTree = "<group>"; };
		EF44B14F25F3F56C00F13FBC /* NewsFeedAPIResource.swift */ = {isa = PBXFileReference; lastKnownFileType = sourcecode.swift; path = NewsFeedAPIResource.swift; sourceTree = "<group>"; };
		EF44B15325F3F6AB00F13FBC /* APIRequest.swift */ = {isa = PBXFileReference; lastKnownFileType = sourcecode.swift; path = APIRequest.swift; sourceTree = "<group>"; };
		EF44B15825F3FAB800F13FBC /* MeduzaAPIRequest.swift */ = {isa = PBXFileReference; lastKnownFileType = sourcecode.swift; path = MeduzaAPIRequest.swift; sourceTree = "<group>"; };
		EF650CF526026925008AC0EF /* FullScreenSpinnerView.swift */ = {isa = PBXFileReference; lastKnownFileType = sourcecode.swift; path = FullScreenSpinnerView.swift; sourceTree = "<group>"; };
		EF650CFB2602F656008AC0EF /* NewsFeedTableViewController+UIActivityIndicatorView.swift */ = {isa = PBXFileReference; lastKnownFileType = sourcecode.swift; path = "NewsFeedTableViewController+UIActivityIndicatorView.swift"; sourceTree = "<group>"; };
		EFB88D3625E3777D0017774E /* MeduzzFeed.app */ = {isa = PBXFileReference; explicitFileType = wrapper.application; includeInIndex = 0; path = MeduzzFeed.app; sourceTree = BUILT_PRODUCTS_DIR; };
		EFB88D3925E3777D0017774E /* AppDelegate.swift */ = {isa = PBXFileReference; lastKnownFileType = sourcecode.swift; path = AppDelegate.swift; sourceTree = "<group>"; };
		EFB88D3B25E3777D0017774E /* SceneDelegate.swift */ = {isa = PBXFileReference; lastKnownFileType = sourcecode.swift; path = SceneDelegate.swift; sourceTree = "<group>"; };
		EFB88D3D25E3777D0017774E /* NewsFeedTableViewController.swift */ = {isa = PBXFileReference; lastKnownFileType = sourcecode.swift; path = NewsFeedTableViewController.swift; sourceTree = "<group>"; };
		EFB88D4025E3777D0017774E /* Base */ = {isa = PBXFileReference; lastKnownFileType = file.storyboard; name = Base; path = Base.lproj/NewsFeed.storyboard; sourceTree = "<group>"; };
		EFB88D4225E3777F0017774E /* Assets.xcassets */ = {isa = PBXFileReference; lastKnownFileType = folder.assetcatalog; path = Assets.xcassets; sourceTree = "<group>"; };
		EFB88D4525E3777F0017774E /* Base */ = {isa = PBXFileReference; lastKnownFileType = file.storyboard; name = Base; path = Base.lproj/LaunchScreen.storyboard; sourceTree = "<group>"; };
		EFB88D4725E3777F0017774E /* Info.plist */ = {isa = PBXFileReference; lastKnownFileType = text.plist.xml; path = Info.plist; sourceTree = "<group>"; };
		EFC4FB7625EBD9B500509E62 /* Coordinator.swift */ = {isa = PBXFileReference; lastKnownFileType = sourcecode.swift; path = Coordinator.swift; sourceTree = "<group>"; };
		EFC4FB7A25EBDADB00509E62 /* BaseCoordinator.swift */ = {isa = PBXFileReference; lastKnownFileType = sourcecode.swift; path = BaseCoordinator.swift; sourceTree = "<group>"; };
		EFC4FB7D25EBDE2400509E62 /* ApplicationCoordinator.swift */ = {isa = PBXFileReference; lastKnownFileType = sourcecode.swift; path = ApplicationCoordinator.swift; sourceTree = "<group>"; };
		EFC4FB8125EBEF8900509E62 /* CoordinatorFactory.swift */ = {isa = PBXFileReference; lastKnownFileType = sourcecode.swift; path = CoordinatorFactory.swift; sourceTree = "<group>"; };
		EFC4FB8625EC042E00509E62 /* CoordinatorFactoryImpl.swift */ = {isa = PBXFileReference; lastKnownFileType = sourcecode.swift; path = CoordinatorFactoryImpl.swift; sourceTree = "<group>"; };
		EFC4FB8A25EC04A000509E62 /* NewsFeedFlowCoordinator.swift */ = {isa = PBXFileReference; lastKnownFileType = sourcecode.swift; path = NewsFeedFlowCoordinator.swift; sourceTree = "<group>"; };
		EFC4FB9325EC0B9000509E62 /* Presentable.swift */ = {isa = PBXFileReference; lastKnownFileType = sourcecode.swift; path = Presentable.swift; sourceTree = "<group>"; };
		EFC4FB9625EC0C1E00509E62 /* Router.swift */ = {isa = PBXFileReference; lastKnownFileType = sourcecode.swift; path = Router.swift; sourceTree = "<group>"; };
		EFC4FB9925EC0C7800509E62 /* RouterImpl.swift */ = {isa = PBXFileReference; lastKnownFileType = sourcecode.swift; path = RouterImpl.swift; sourceTree = "<group>"; };
		EFC4FB9D25EC934700509E62 /* BaseView.swift */ = {isa = PBXFileReference; lastKnownFileType = sourcecode.swift; path = BaseView.swift; sourceTree = "<group>"; };
		EFC4FBA425EC943700509E62 /* NewsFeedTableView.swift */ = {isa = PBXFileReference; lastKnownFileType = sourcecode.swift; path = NewsFeedTableView.swift; sourceTree = "<group>"; };
		EFC4FBB025ECA18000509E62 /* NewsFeedModuleFactory.swift */ = {isa = PBXFileReference; lastKnownFileType = sourcecode.swift; path = NewsFeedModuleFactory.swift; sourceTree = "<group>"; };
		EFC4FBB325ECA28B00509E62 /* ModulesFactory.swift */ = {isa = PBXFileReference; lastKnownFileType = sourcecode.swift; path = ModulesFactory.swift; sourceTree = "<group>"; };
		EFC4FBB725ECA30A00509E62 /* UIViewControllerExtension.swift */ = {isa = PBXFileReference; lastKnownFileType = sourcecode.swift; path = UIViewControllerExtension.swift; sourceTree = "<group>"; };
		EFC4FBBA25ECA34600509E62 /* NSObjectExtension.swift */ = {isa = PBXFileReference; lastKnownFileType = sourcecode.swift; path = NSObjectExtension.swift; sourceTree = "<group>"; };
		EFC4FBBE25ECA36900509E62 /* Storyboards.swift */ = {isa = PBXFileReference; lastKnownFileType = sourcecode.swift; path = Storyboards.swift; sourceTree = "<group>"; };
		EFC4FBC925ED3E7100509E62 /* ArticleDetailsView.swift */ = {isa = PBXFileReference; lastKnownFileType = sourcecode.swift; path = ArticleDetailsView.swift; sourceTree = "<group>"; };
		EFD5273625E50CFF0060A518 /* ArticleDetailsViewController.swift */ = {isa = PBXFileReference; lastKnownFileType = sourcecode.swift; path = ArticleDetailsViewController.swift; sourceTree = "<group>"; };
		EFE61FC425E3F2720081FA4B /* Article.swift */ = {isa = PBXFileReference; lastKnownFileType = sourcecode.swift; path = Article.swift; sourceTree = "<group>"; };
		EFE61FCD25E41C200081FA4B /* NewsFeedArticleParser.swift */ = {isa = PBXFileReference; lastKnownFileType = sourcecode.swift; path = NewsFeedArticleParser.swift; sourceTree = "<group>"; };
		EFE61FD125E41DB10081FA4B /* NewsFeedTableViewCell.swift */ = {isa = PBXFileReference; lastKnownFileType = sourcecode.swift; path = NewsFeedTableViewCell.swift; sourceTree = "<group>"; };
		EFE61FD225E41DB10081FA4B /* NewsFeedTableViewCell.xib */ = {isa = PBXFileReference; lastKnownFileType = file.xib; path = NewsFeedTableViewCell.xib; sourceTree = "<group>"; };
		EFFFADEA25FBC4860064DEA6 /* NewsFeedTableViewModel.swift */ = {isa = PBXFileReference; lastKnownFileType = sourcecode.swift; path = NewsFeedTableViewModel.swift; sourceTree = "<group>"; };
		EFFFADEE25FBC5530064DEA6 /* Observable.swift */ = {isa = PBXFileReference; lastKnownFileType = sourcecode.swift; path = Observable.swift; sourceTree = "<group>"; };
/* End PBXFileReference section */

/* Begin PBXFrameworksBuildPhase section */
		EFB88D3325E3777D0017774E /* Frameworks */ = {
			isa = PBXFrameworksBuildPhase;
			buildActionMask = 2147483647;
			files = (
			);
			runOnlyForDeploymentPostprocessing = 0;
		};
/* End PBXFrameworksBuildPhase section */

/* Begin PBXGroup section */
		EF44B14E25F3F54F00F13FBC /* Impl */ = {
			isa = PBXGroup;
			children = (
				EF44B14F25F3F56C00F13FBC /* NewsFeedAPIResource.swift */,
				EF44B15825F3FAB800F13FBC /* MeduzaAPIRequest.swift */,
			);
			path = Impl;
			sourceTree = "<group>";
		};
		EF650CFA2602F61E008AC0EF /* Extensions */ = {
			isa = PBXGroup;
			children = (
				EF650CFB2602F656008AC0EF /* NewsFeedTableViewController+UIActivityIndicatorView.swift */,
			);
			path = Extensions;
			sourceTree = "<group>";
		};
		EFB88D2D25E3777D0017774E = {
			isa = PBXGroup;
			children = (
				EFB88D3825E3777D0017774E /* MeduzzFeed */,
				EFB88D3725E3777D0017774E /* Products */,
			);
			sourceTree = "<group>";
		};
		EFB88D3725E3777D0017774E /* Products */ = {
			isa = PBXGroup;
			children = (
				EFB88D3625E3777D0017774E /* MeduzzFeed.app */,
			);
			name = Products;
			sourceTree = "<group>";
		};
		EFB88D3825E3777D0017774E /* MeduzzFeed */ = {
			isa = PBXGroup;
			children = (
				EFFFADF125FBC5EE0064DEA6 /* Utils */,
				EFC4FBB625ECA2EC00509E62 /* Extensions */,
				EFC4FB7525EBD9A700509E62 /* Protocols */,
				EFB88D5325E390D90017774E /* Flows */,
				EFB88D5125E38E300017774E /* Application */,
				EFB88D4F25E38D200017774E /* Stroyboards */,
				EFB88D4225E3777F0017774E /* Assets.xcassets */,
				EFB88D4725E3777F0017774E /* Info.plist */,
			);
			path = MeduzzFeed;
			sourceTree = "<group>";
		};
		EFB88D4F25E38D200017774E /* Stroyboards */ = {
			isa = PBXGroup;
			children = (
				EFB88D4425E3777F0017774E /* LaunchScreen.storyboard */,
				EFB88D3F25E3777D0017774E /* NewsFeed.storyboard */,
				EFC4FBBE25ECA36900509E62 /* Storyboards.swift */,
			);
			path = Stroyboards;
			sourceTree = "<group>";
		};
		EFB88D5125E38E300017774E /* Application */ = {
			isa = PBXGroup;
			children = (
				EFB88D3925E3777D0017774E /* AppDelegate.swift */,
				EFB88D3B25E3777D0017774E /* SceneDelegate.swift */,
				EFC4FB7D25EBDE2400509E62 /* ApplicationCoordinator.swift */,
			);
			path = Application;
			sourceTree = "<group>";
		};
		EFB88D5325E390D90017774E /* Flows */ = {
			isa = PBXGroup;
			children = (
				EFB88D5525E391180017774E /* NewsFeedFlow */,
			);
			path = Flows;
			sourceTree = "<group>";
		};
		EFB88D5525E391180017774E /* NewsFeedFlow */ = {
			isa = PBXGroup;
			children = (
				EF650CFA2602F61E008AC0EF /* Extensions */,
				EFFFADE825FBC3470064DEA6 /* ViewModels */,
				EFE61FCC25E41C010081FA4B /* Protocols */,
				EFE61FCB25E41A1F0081FA4B /* Views */,
				EFE61FC325E3F20E0081FA4B /* Models */,
				EFB88D5625E3912B0017774E /* Controllers */,
				EFC4FB8A25EC04A000509E62 /* NewsFeedFlowCoordinator.swift */,
			);
			path = NewsFeedFlow;
			sourceTree = "<group>";
		};
		EFB88D5625E3912B0017774E /* Controllers */ = {
			isa = PBXGroup;
			children = (
				EFB88D3D25E3777D0017774E /* NewsFeedTableViewController.swift */,
				EFD5273625E50CFF0060A518 /* ArticleDetailsViewController.swift */,
			);
			path = Controllers;
			sourceTree = "<group>";
		};
		EFC4FB7525EBD9A700509E62 /* Protocols */ = {
			isa = PBXGroup;
			children = (
				EFC4FB9125EC0B3D00509E62 /* Routers */,
				EFC4FB8F25EC0B1300509E62 /* Coordinators */,
				EFC4FB8E25EC0ACB00509E62 /* Factories */,
				EFC4FB9325EC0B9000509E62 /* Presentable.swift */,
				EFC4FB9D25EC934700509E62 /* BaseView.swift */,
			);
			path = Protocols;
			sourceTree = "<group>";
		};
		EFC4FB8525EC041B00509E62 /* Impl */ = {
			isa = PBXGroup;
			children = (
				EFC4FB8625EC042E00509E62 /* CoordinatorFactoryImpl.swift */,
				EFC4FBB325ECA28B00509E62 /* ModulesFactory.swift */,
			);
			path = Impl;
			sourceTree = "<group>";
		};
		EFC4FB8E25EC0ACB00509E62 /* Factories */ = {
			isa = PBXGroup;
			children = (
				EFC4FB8525EC041B00509E62 /* Impl */,
				EFC4FB8125EBEF8900509E62 /* CoordinatorFactory.swift */,
				EFC4FBB025ECA18000509E62 /* NewsFeedModuleFactory.swift */,
			);
			path = Factories;
			sourceTree = "<group>";
		};
		EFC4FB8F25EC0B1300509E62 /* Coordinators */ = {
			isa = PBXGroup;
			children = (
				EFC4FB9025EC0B2600509E62 /* Impl */,
				EFC4FB7625EBD9B500509E62 /* Coordinator.swift */,
			);
			path = Coordinators;
			sourceTree = "<group>";
		};
		EFC4FB9025EC0B2600509E62 /* Impl */ = {
			isa = PBXGroup;
			children = (
				EFC4FB7A25EBDADB00509E62 /* BaseCoordinator.swift */,
			);
			path = Impl;
			sourceTree = "<group>";
		};
		EFC4FB9125EC0B3D00509E62 /* Routers */ = {
			isa = PBXGroup;
			children = (
				EFC4FB9225EC0B4500509E62 /* Impl */,
				EFC4FB9625EC0C1E00509E62 /* Router.swift */,
			);
			path = Routers;
			sourceTree = "<group>";
		};
		EFC4FB9225EC0B4500509E62 /* Impl */ = {
			isa = PBXGroup;
			children = (
				EFC4FB9925EC0C7800509E62 /* RouterImpl.swift */,
			);
			path = Impl;
			sourceTree = "<group>";
		};
		EFC4FBB625ECA2EC00509E62 /* Extensions */ = {
			isa = PBXGroup;
			children = (
				EFC4FBB725ECA30A00509E62 /* UIViewControllerExtension.swift */,
				EFC4FBBA25ECA34600509E62 /* NSObjectExtension.swift */,
			);
			path = Extensions;
			sourceTree = "<group>";
		};
		EFE61FC325E3F20E0081FA4B /* Models */ = {
			isa = PBXGroup;
			children = (
				EFE61FC425E3F2720081FA4B /* Article.swift */,
				EF44B14225F2A2A400F13FBC /* ArticleWithDetails.swift */,
				EF44B14625F2A78300F13FBC /* NewsFeed.swift */,
			);
			path = Models;
			sourceTree = "<group>";
		};
		EFE61FCB25E41A1F0081FA4B /* Views */ = {
			isa = PBXGroup;
			children = (
				EFE61FD125E41DB10081FA4B /* NewsFeedTableViewCell.swift */,
				EFE61FD225E41DB10081FA4B /* NewsFeedTableViewCell.xib */,
				EF650CF526026925008AC0EF /* FullScreenSpinnerView.swift */,
			);
			path = Views;
			sourceTree = "<group>";
		};
		EFE61FCC25E41C010081FA4B /* Protocols */ = {
			isa = PBXGroup;
			children = (
				EF44B14E25F3F54F00F13FBC /* Impl */,
				EFE61FCD25E41C200081FA4B /* NewsFeedArticleParser.swift */,
				EFC4FBA425EC943700509E62 /* NewsFeedTableView.swift */,
				EFC4FBC925ED3E7100509E62 /* ArticleDetailsView.swift */,
				EF44B14B25F3F10F00F13FBC /* APIResource.swift */,
				EF44B15325F3F6AB00F13FBC /* APIRequest.swift */,
			);
			path = Protocols;
			sourceTree = "<group>";
		};
		EFFFADE825FBC3470064DEA6 /* ViewModels */ = {
			isa = PBXGroup;
			children = (
				EFFFADEA25FBC4860064DEA6 /* NewsFeedTableViewModel.swift */,
			);
			path = ViewModels;
			sourceTree = "<group>";
		};
		EFFFADF125FBC5EE0064DEA6 /* Utils */ = {
			isa = PBXGroup;
			children = (
				EFFFADEE25FBC5530064DEA6 /* Observable.swift */,
			);
			path = Utils;
			sourceTree = "<group>";
		};
/* End PBXGroup section */

/* Begin PBXNativeTarget section */
		EFB88D3525E3777D0017774E /* MeduzzFeed */ = {
			isa = PBXNativeTarget;
			buildConfigurationList = EFB88D4A25E3777F0017774E /* Build configuration list for PBXNativeTarget "MeduzzFeed" */;
			buildPhases = (
				EFB88D3225E3777D0017774E /* Sources */,
				EFB88D3325E3777D0017774E /* Frameworks */,
				EFB88D3425E3777D0017774E /* Resources */,
			);
			buildRules = (
			);
			dependencies = (
			);
			name = MeduzzFeed;
			productName = MeduzzFeed;
			productReference = EFB88D3625E3777D0017774E /* MeduzzFeed.app */;
			productType = "com.apple.product-type.application";
		};
/* End PBXNativeTarget section */

/* Begin PBXProject section */
		EFB88D2E25E3777D0017774E /* Project object */ = {
			isa = PBXProject;
			attributes = {
				LastSwiftUpdateCheck = 1240;
				LastUpgradeCheck = 1240;
				TargetAttributes = {
					EFB88D3525E3777D0017774E = {
						CreatedOnToolsVersion = 12.4;
					};
				};
			};
			buildConfigurationList = EFB88D3125E3777D0017774E /* Build configuration list for PBXProject "MeduzzFeed" */;
			compatibilityVersion = "Xcode 9.3";
			developmentRegion = en;
			hasScannedForEncodings = 0;
			knownRegions = (
				en,
				Base,
			);
			mainGroup = EFB88D2D25E3777D0017774E;
			productRefGroup = EFB88D3725E3777D0017774E /* Products */;
			projectDirPath = "";
			projectRoot = "";
			targets = (
				EFB88D3525E3777D0017774E /* MeduzzFeed */,
			);
		};
/* End PBXProject section */

/* Begin PBXResourcesBuildPhase section */
		EFB88D3425E3777D0017774E /* Resources */ = {
			isa = PBXResourcesBuildPhase;
			buildActionMask = 2147483647;
			files = (
				EFB88D4625E3777F0017774E /* LaunchScreen.storyboard in Resources */,
				EFB88D4325E3777F0017774E /* Assets.xcassets in Resources */,
				EFE61FD425E41DB10081FA4B /* NewsFeedTableViewCell.xib in Resources */,
				EFB88D4125E3777D0017774E /* NewsFeed.storyboard in Resources */,
			);
			runOnlyForDeploymentPostprocessing = 0;
		};
/* End PBXResourcesBuildPhase section */

/* Begin PBXSourcesBuildPhase section */
		EFB88D3225E3777D0017774E /* Sources */ = {
			isa = PBXSourcesBuildPhase;
			buildActionMask = 2147483647;
			files = (
				EF44B14725F2A78300F13FBC /* NewsFeed.swift in Sources */,
				EF44B15925F3FAB800F13FBC /* MeduzaAPIRequest.swift in Sources */,
				EFC4FB7725EBD9B500509E62 /* Coordinator.swift in Sources */,
				EFC4FB7B25EBDADB00509E62 /* BaseCoordinator.swift in Sources */,
				EF44B15425F3F6AB00F13FBC /* APIRequest.swift in Sources */,
				EFC4FBBF25ECA36900509E62 /* Storyboards.swift in Sources */,
				EFC4FBA525EC943700509E62 /* NewsFeedTableView.swift in Sources */,
				EFC4FBBB25ECA34600509E62 /* NSObjectExtension.swift in Sources */,
				EF650CF626026925008AC0EF /* FullScreenSpinnerView.swift in Sources */,
				EFE61FCE25E41C200081FA4B /* NewsFeedArticleParser.swift in Sources */,
				EFC4FB9E25EC934700509E62 /* BaseView.swift in Sources */,
				EFC4FBB825ECA30A00509E62 /* UIViewControllerExtension.swift in Sources */,
				EFC4FBCA25ED3E7100509E62 /* ArticleDetailsView.swift in Sources */,
				EF44B14325F2A2A400F13FBC /* ArticleWithDetails.swift in Sources */,
				EFE61FC525E3F2720081FA4B /* Article.swift in Sources */,
				EFE61FD325E41DB10081FA4B /* NewsFeedTableViewCell.swift in Sources */,
				EFC4FB8B25EC04A000509E62 /* NewsFeedFlowCoordinator.swift in Sources */,
				EFFFADEF25FBC5530064DEA6 /* Observable.swift in Sources */,
				EFFFADEB25FBC4860064DEA6 /* NewsFeedTableViewModel.swift in Sources */,
				EFC4FB8725EC042E00509E62 /* CoordinatorFactoryImpl.swift in Sources */,
				EFC4FB9725EC0C1E00509E62 /* Router.swift in Sources */,
				EFC4FB7E25EBDE2400509E62 /* ApplicationCoordinator.swift in Sources */,
				EFD5273725E50CFF0060A518 /* ArticleDetailsViewController.swift in Sources */,
				EFC4FBB425ECA28B00509E62 /* ModulesFactory.swift in Sources */,
				EFB88D3E25E3777D0017774E /* NewsFeedTableViewController.swift in Sources */,
				EFB88D3A25E3777D0017774E /* AppDelegate.swift in Sources */,
				EFC4FB8225EBEF8900509E62 /* CoordinatorFactory.swift in Sources */,
				EF44B14C25F3F10F00F13FBC /* APIResource.swift in Sources */,
				EF44B15025F3F56C00F13FBC /* NewsFeedAPIResource.swift in Sources */,
				EFB88D3C25E3777D0017774E /* SceneDelegate.swift in Sources */,
				EFC4FBB125ECA18000509E62 /* NewsFeedModuleFactory.swift in Sources */,
				EFC4FB9A25EC0C7800509E62 /* RouterImpl.swift in Sources */,
				EF650CFC2602F656008AC0EF /* NewsFeedTableViewController+UIActivityIndicatorView.swift in Sources */,
				EFC4FB9425EC0B9000509E62 /* Presentable.swift in Sources */,
			);
			runOnlyForDeploymentPostprocessing = 0;
		};
/* End PBXSourcesBuildPhase section */

/* Begin PBXVariantGroup section */
		EFB88D3F25E3777D0017774E /* NewsFeed.storyboard */ = {
			isa = PBXVariantGroup;
			children = (
				EFB88D4025E3777D0017774E /* Base */,
			);
			name = NewsFeed.storyboard;
			sourceTree = "<group>";
		};
		EFB88D4425E3777F0017774E /* LaunchScreen.storyboard */ = {
			isa = PBXVariantGroup;
			children = (
				EFB88D4525E3777F0017774E /* Base */,
			);
			name = LaunchScreen.storyboard;
			sourceTree = "<group>";
		};
/* End PBXVariantGroup section */

/* Begin XCBuildConfiguration section */
		EFB88D4825E3777F0017774E /* Debug */ = {
			isa = XCBuildConfiguration;
			buildSettings = {
				ALWAYS_SEARCH_USER_PATHS = NO;
				CLANG_ANALYZER_NONNULL = YES;
				CLANG_ANALYZER_NUMBER_OBJECT_CONVERSION = YES_AGGRESSIVE;
				CLANG_CXX_LANGUAGE_STANDARD = "gnu++14";
				CLANG_CXX_LIBRARY = "libc++";
				CLANG_ENABLE_MODULES = YES;
				CLANG_ENABLE_OBJC_ARC = YES;
				CLANG_ENABLE_OBJC_WEAK = YES;
				CLANG_WARN_BLOCK_CAPTURE_AUTORELEASING = YES;
				CLANG_WARN_BOOL_CONVERSION = YES;
				CLANG_WARN_COMMA = YES;
				CLANG_WARN_CONSTANT_CONVERSION = YES;
				CLANG_WARN_DEPRECATED_OBJC_IMPLEMENTATIONS = YES;
				CLANG_WARN_DIRECT_OBJC_ISA_USAGE = YES_ERROR;
				CLANG_WARN_DOCUMENTATION_COMMENTS = YES;
				CLANG_WARN_EMPTY_BODY = YES;
				CLANG_WARN_ENUM_CONVERSION = YES;
				CLANG_WARN_INFINITE_RECURSION = YES;
				CLANG_WARN_INT_CONVERSION = YES;
				CLANG_WARN_NON_LITERAL_NULL_CONVERSION = YES;
				CLANG_WARN_OBJC_IMPLICIT_RETAIN_SELF = YES;
				CLANG_WARN_OBJC_LITERAL_CONVERSION = YES;
				CLANG_WARN_OBJC_ROOT_CLASS = YES_ERROR;
				CLANG_WARN_QUOTED_INCLUDE_IN_FRAMEWORK_HEADER = YES;
				CLANG_WARN_RANGE_LOOP_ANALYSIS = YES;
				CLANG_WARN_STRICT_PROTOTYPES = YES;
				CLANG_WARN_SUSPICIOUS_MOVE = YES;
				CLANG_WARN_UNGUARDED_AVAILABILITY = YES_AGGRESSIVE;
				CLANG_WARN_UNREACHABLE_CODE = YES;
				CLANG_WARN__DUPLICATE_METHOD_MATCH = YES;
				COPY_PHASE_STRIP = NO;
				DEBUG_INFORMATION_FORMAT = dwarf;
				ENABLE_STRICT_OBJC_MSGSEND = YES;
				ENABLE_TESTABILITY = YES;
				GCC_C_LANGUAGE_STANDARD = gnu11;
				GCC_DYNAMIC_NO_PIC = NO;
				GCC_NO_COMMON_BLOCKS = YES;
				GCC_OPTIMIZATION_LEVEL = 0;
				GCC_PREPROCESSOR_DEFINITIONS = (
					"DEBUG=1",
					"$(inherited)",
				);
				GCC_WARN_64_TO_32_BIT_CONVERSION = YES;
				GCC_WARN_ABOUT_RETURN_TYPE = YES_ERROR;
				GCC_WARN_UNDECLARED_SELECTOR = YES;
				GCC_WARN_UNINITIALIZED_AUTOS = YES_AGGRESSIVE;
				GCC_WARN_UNUSED_FUNCTION = YES;
				GCC_WARN_UNUSED_VARIABLE = YES;
				IPHONEOS_DEPLOYMENT_TARGET = 13.0;
				MTL_ENABLE_DEBUG_INFO = INCLUDE_SOURCE;
				MTL_FAST_MATH = YES;
				ONLY_ACTIVE_ARCH = YES;
				SDKROOT = iphoneos;
				SWIFT_ACTIVE_COMPILATION_CONDITIONS = DEBUG;
				SWIFT_OPTIMIZATION_LEVEL = "-Onone";
			};
			name = Debug;
		};
		EFB88D4925E3777F0017774E /* Release */ = {
			isa = XCBuildConfiguration;
			buildSettings = {
				ALWAYS_SEARCH_USER_PATHS = NO;
				CLANG_ANALYZER_NONNULL = YES;
				CLANG_ANALYZER_NUMBER_OBJECT_CONVERSION = YES_AGGRESSIVE;
				CLANG_CXX_LANGUAGE_STANDARD = "gnu++14";
				CLANG_CXX_LIBRARY = "libc++";
				CLANG_ENABLE_MODULES = YES;
				CLANG_ENABLE_OBJC_ARC = YES;
				CLANG_ENABLE_OBJC_WEAK = YES;
				CLANG_WARN_BLOCK_CAPTURE_AUTORELEASING = YES;
				CLANG_WARN_BOOL_CONVERSION = YES;
				CLANG_WARN_COMMA = YES;
				CLANG_WARN_CONSTANT_CONVERSION = YES;
				CLANG_WARN_DEPRECATED_OBJC_IMPLEMENTATIONS = YES;
				CLANG_WARN_DIRECT_OBJC_ISA_USAGE = YES_ERROR;
				CLANG_WARN_DOCUMENTATION_COMMENTS = YES;
				CLANG_WARN_EMPTY_BODY = YES;
				CLANG_WARN_ENUM_CONVERSION = YES;
				CLANG_WARN_INFINITE_RECURSION = YES;
				CLANG_WARN_INT_CONVERSION = YES;
				CLANG_WARN_NON_LITERAL_NULL_CONVERSION = YES;
				CLANG_WARN_OBJC_IMPLICIT_RETAIN_SELF = YES;
				CLANG_WARN_OBJC_LITERAL_CONVERSION = YES;
				CLANG_WARN_OBJC_ROOT_CLASS = YES_ERROR;
				CLANG_WARN_QUOTED_INCLUDE_IN_FRAMEWORK_HEADER = YES;
				CLANG_WARN_RANGE_LOOP_ANALYSIS = YES;
				CLANG_WARN_STRICT_PROTOTYPES = YES;
				CLANG_WARN_SUSPICIOUS_MOVE = YES;
				CLANG_WARN_UNGUARDED_AVAILABILITY = YES_AGGRESSIVE;
				CLANG_WARN_UNREACHABLE_CODE = YES;
				CLANG_WARN__DUPLICATE_METHOD_MATCH = YES;
				COPY_PHASE_STRIP = NO;
				DEBUG_INFORMATION_FORMAT = "dwarf-with-dsym";
				ENABLE_NS_ASSERTIONS = NO;
				ENABLE_STRICT_OBJC_MSGSEND = YES;
				GCC_C_LANGUAGE_STANDARD = gnu11;
				GCC_NO_COMMON_BLOCKS = YES;
				GCC_WARN_64_TO_32_BIT_CONVERSION = YES;
				GCC_WARN_ABOUT_RETURN_TYPE = YES_ERROR;
				GCC_WARN_UNDECLARED_SELECTOR = YES;
				GCC_WARN_UNINITIALIZED_AUTOS = YES_AGGRESSIVE;
				GCC_WARN_UNUSED_FUNCTION = YES;
				GCC_WARN_UNUSED_VARIABLE = YES;
				IPHONEOS_DEPLOYMENT_TARGET = 13.0;
				MTL_ENABLE_DEBUG_INFO = NO;
				MTL_FAST_MATH = YES;
				SDKROOT = iphoneos;
				SWIFT_COMPILATION_MODE = wholemodule;
				SWIFT_OPTIMIZATION_LEVEL = "-O";
				VALIDATE_PRODUCT = YES;
			};
			name = Release;
		};
		EFB88D4B25E3777F0017774E /* Debug */ = {
			isa = XCBuildConfiguration;
			buildSettings = {
				ASSETCATALOG_COMPILER_APPICON_NAME = AppIcon;
				ASSETCATALOG_COMPILER_GLOBAL_ACCENT_COLOR_NAME = AccentColor;
				CODE_SIGN_STYLE = Automatic;
				DEVELOPMENT_TEAM = UXR8P4SVD4;
				INFOPLIST_FILE = MeduzzFeed/Info.plist;
				IPHONEOS_DEPLOYMENT_TARGET = 13.0;
				LD_RUNPATH_SEARCH_PATHS = (
					"$(inherited)",
					"@executable_path/Frameworks",
				);
				PRODUCT_BUNDLE_IDENTIFIER = com.dsheikherev.MeduzzFeed;
				PRODUCT_NAME = "$(TARGET_NAME)";
				SWIFT_VERSION = 5.0;
				TARGETED_DEVICE_FAMILY = 1;
			};
			name = Debug;
		};
		EFB88D4C25E3777F0017774E /* Release */ = {
			isa = XCBuildConfiguration;
			buildSettings = {
				ASSETCATALOG_COMPILER_APPICON_NAME = AppIcon;
				ASSETCATALOG_COMPILER_GLOBAL_ACCENT_COLOR_NAME = AccentColor;
				CODE_SIGN_STYLE = Automatic;
				DEVELOPMENT_TEAM = UXR8P4SVD4;
				INFOPLIST_FILE = MeduzzFeed/Info.plist;
				IPHONEOS_DEPLOYMENT_TARGET = 13.0;
				LD_RUNPATH_SEARCH_PATHS = (
					"$(inherited)",
					"@executable_path/Frameworks",
				);
				PRODUCT_BUNDLE_IDENTIFIER = com.dsheikherev.MeduzzFeed;
				PRODUCT_NAME = "$(TARGET_NAME)";
				SWIFT_VERSION = 5.0;
				TARGETED_DEVICE_FAMILY = 1;
			};
			name = Release;
		};
/* End XCBuildConfiguration section */

/* Begin XCConfigurationList section */
		EFB88D3125E3777D0017774E /* Build configuration list for PBXProject "MeduzzFeed" */ = {
			isa = XCConfigurationList;
			buildConfigurations = (
				EFB88D4825E3777F0017774E /* Debug */,
				EFB88D4925E3777F0017774E /* Release */,
			);
			defaultConfigurationIsVisible = 0;
			defaultConfigurationName = Release;
		};
		EFB88D4A25E3777F0017774E /* Build configuration list for PBXNativeTarget "MeduzzFeed" */ = {
			isa = XCConfigurationList;
			buildConfigurations = (
				EFB88D4B25E3777F0017774E /* Debug */,
				EFB88D4C25E3777F0017774E /* Release */,
			);
			defaultConfigurationIsVisible = 0;
			defaultConfigurationName = Release;
		};
/* End XCConfigurationList section */
	};
	rootObject = EFB88D2E25E3777D0017774E /* Project object */;
}
